
Microsoft Visual Studio Solution File, Format Version 12.00
# Visual Studio Version 17
VisualStudioVersion = 17.5.002.0
MinimumVisualStudioVersion = 10.0.40219.1
Project("{9A19103F-16F7-4668-BE54-9A1E7A4F7556}") = "asp.net", "asp.net.csproj", "{D2D66177-9890-464A-ADCF-284C21D6B827}"
EndProject
Global
	GlobalSection(SolutionConfigurationPlatforms) = preSolution
		Debug|Any CPU = Debug|Any CPU
		Release|Any CPU = Release|Any CPU
	EndGlobalSection
	GlobalSection(ProjectConfigurationPlatforms) = postSolution
		{D2D66177-9890-464A-ADCF-284C21D6B827}.Debug|Any CPU.ActiveCfg = Debug|Any CPU
		{D2D66177-9890-464A-ADCF-284C21D6B827}.Debug|Any CPU.Build.0 = Debug|Any CPU
		{D2D66177-9890-464A-ADCF-284C21D6B827}.Release|Any CPU.ActiveCfg = Release|Any CPU
		{D2D66177-9890-464A-ADCF-284C21D6B827}.Release|Any CPU.Build.0 = Release|Any CPU
	EndGlobalSection
	GlobalSection(SolutionProperties) = preSolution
		HideSolutionNode = FALSE
	EndGlobalSection
	GlobalSection(ExtensibilityGlobals) = postSolution
		SolutionGuid = {E200FE6E-3846-4DEE-9CD1-E54791F15FA1}
	EndGlobalSection
EndGlobal
